# THIS IS AN AUTOGENERATED FILE. DO NOT EDIT THIS FILE DIRECTLY.
# yarn lockfile v1


"@aicupa/api@^1.0.3":
  version "1.0.3"
  resolved "https://registry.npmmirror.com/@aicupa/api/-/api-1.0.3.tgz#57de30061373659b57c4d8ece1f75f6a6a98877a"
  integrity sha512-iaeE4pU6wC1U4hYxWOxjViv00vxXfIFim/4+A0ZvZUBEqV0Qvl5Ay1wdPC+pIbhsreaFX0fSK8+2P6ljoL5BSQ==
